
Microsoft Visual Studio Solution File, Format Version 12.00
# Visual Studio 2015
Project("{FAE04EC0-301F-11D3-BF4B-00C04F79EFBC}") = "side-scroller.CSharp", "side-scroller.CSharp.csproj", "{6E041079-B344-F474-D3E4-D936A39991FF}"
EndProject
Global
	GlobalSection(SolutionConfigurationPlatforms) = preSolution
		Debug|Any CPU = Debug|Any CPU
		Release|Any CPU = Release|Any CPU
	EndGlobalSection
	GlobalSection(ProjectConfigurationPlatforms) = postSolution
		{6E041079-B344-F474-D3E4-D936A39991FF}.Debug|Any CPU.ActiveCfg = Debug|Any CPU
		{6E041079-B344-F474-D3E4-D936A39991FF}.Debug|Any CPU.Build.0 = Debug|Any CPU
		{6E041079-B344-F474-D3E4-D936A39991FF}.Release|Any CPU.ActiveCfg = Release|Any CPU
		{6E041079-B344-F474-D3E4-D936A39991FF}.Release|Any CPU.Build.0 = Release|Any CPU
	EndGlobalSection
	GlobalSection(SolutionProperties) = preSolution
		HideSolutionNode = FALSE
	EndGlobalSection
EndGlobal
